
Microsoft Visual Studio Solution File, Format Version 12.00
# Visual Studio Version 16
VisualStudioVersion = 16.0.31727.386
MinimumVisualStudioVersion = 10.0.40219.1
Project("{FAE04EC0-301F-11D3-BF4B-00C04F79EFBC}") = "Guichet", "Guichet\Guichet.csproj", "{C5FBD1C5-987A-430F-9512-9AB7F7E7A273}"
EndProject
Global
	GlobalSection(SolutionConfigurationPlatforms) = preSolution
		Debug|Any CPU = Debug|Any CPU
		Release|Any CPU = Release|Any CPU
	EndGlobalSection
	GlobalSection(ProjectConfigurationPlatforms) = postSolution
		{C5FBD1C5-987A-430F-9512-9AB7F7E7A273}.Debug|Any CPU.ActiveCfg = Debug|Any CPU
		{C5FBD1C5-987A-430F-9512-9AB7F7E7A273}.Debug|Any CPU.Build.0 = Debug|Any CPU
		{C5FBD1C5-987A-430F-9512-9AB7F7E7A273}.Release|Any CPU.ActiveCfg = Release|Any CPU
		{C5FBD1C5-987A-430F-9512-9AB7F7E7A273}.Release|Any CPU.Build.0 = Release|Any CPU
	EndGlobalSection
	GlobalSection(SolutionProperties) = preSolution
		HideSolutionNode = FALSE
	EndGlobalSection
	GlobalSection(ExtensibilityGlobals) = postSolution
		SolutionGuid = {8EA33713-C5C5-4FFF-A0B8-1077AD2C4429}
	EndGlobalSection
EndGlobal
